// !$*UTF8*$!
{
	archiveVersion = 1;
	classes = {
	};
	objectVersion = 56;
	objects = {

/* Begin PBXBuildFile section */
		A0A6A3D9299B3AB900E8D9DE /* AppDelegate.swift in Sources */ = {isa = PBXBuildFile; fileRef = A0A6A3D8299B3AB900E8D9DE /* AppDelegate.swift */; };
		A0A6A3DB299B3AB900E8D9DE /* SceneDelegate.swift in Sources */ = {isa = PBXBuildFile; fileRef = A0A6A3DA299B3AB900E8D9DE /* SceneDelegate.swift */; };
		A0A6A3DD299B3AB900E8D9DE /* LoginViewController.swift in Sources */ = {isa = PBXBuildFile; fileRef = A0A6A3DC299B3AB900E8D9DE /* LoginViewController.swift */; };
		A0A6A3E0299B3AB900E8D9DE /* Main.storyboard in Resources */ = {isa = PBXBuildFile; fileRef = A0A6A3DE299B3AB900E8D9DE /* Main.storyboard */; };
		A0A6A3E2299B3ABB00E8D9DE /* Assets.xcassets in Resources */ = {isa = PBXBuildFile; fileRef = A0A6A3E1299B3ABB00E8D9DE /* Assets.xcassets */; };
		A0A6A3E5299B3ABB00E8D9DE /* LaunchScreen.storyboard in Resources */ = {isa = PBXBuildFile; fileRef = A0A6A3E3299B3ABB00E8D9DE /* LaunchScreen.storyboard */; };
		A0A6A3ED299B6FBB00E8D9DE /* WelcomeViewController.swift in Sources */ = {isa = PBXBuildFile; fileRef = A0A6A3EC299B6FBB00E8D9DE /* WelcomeViewController.swift */; };
		A0A6A417299F1C1500E8D9DE /* User.swift in Sources */ = {isa = PBXBuildFile; fileRef = A0A6A416299F1C1500E8D9DE /* User.swift */; };
		A0A6A419299F300200E8D9DE /* UserViewController.swift in Sources */ = {isa = PBXBuildFile; fileRef = A0A6A418299F300200E8D9DE /* UserViewController.swift */; };
		A0A6A41C299F476E00E8D9DE /* BioViewController.swift in Sources */ = {isa = PBXBuildFile; fileRef = A0A6A41B299F476E00E8D9DE /* BioViewController.swift */; };
/* End PBXBuildFile section */

/* Begin PBXFileReference section */
		A0A6A3D5299B3AB900E8D9DE /* LoginApp.app */ = {isa = PBXFileReference; explicitFileType = wrapper.application; includeInIndex = 0; path = LoginApp.app; sourceTree = BUILT_PRODUCTS_DIR; };
		A0A6A3D8299B3AB900E8D9DE /* AppDelegate.swift */ = {isa = PBXFileReference; lastKnownFileType = sourcecode.swift; path = AppDelegate.swift; sourceTree = "<group>"; };
		A0A6A3DA299B3AB900E8D9DE /* SceneDelegate.swift */ = {isa = PBXFileReference; lastKnownFileType = sourcecode.swift; path = SceneDelegate.swift; sourceTree = "<group>"; };
		A0A6A3DC299B3AB900E8D9DE /* LoginViewController.swift */ = {isa = PBXFileReference; lastKnownFileType = sourcecode.swift; path = LoginViewController.swift; sourceTree = "<group>"; };
		A0A6A3DF299B3AB900E8D9DE /* Base */ = {isa = PBXFileReference; lastKnownFileType = file.storyboard; name = Base; path = Base.lproj/Main.storyboard; sourceTree = "<group>"; };
		A0A6A3E1299B3ABB00E8D9DE /* Assets.xcassets */ = {isa = PBXFileReference; lastKnownFileType = folder.assetcatalog; path = Assets.xcassets; sourceTree = "<group>"; };
		A0A6A3E4299B3ABB00E8D9DE /* Base */ = {isa = PBXFileReference; lastKnownFileType = file.storyboard; name = Base; path = Base.lproj/LaunchScreen.storyboard; sourceTree = "<group>"; };
		A0A6A3E6299B3ABB00E8D9DE /* Info.plist */ = {isa = PBXFileReference; lastKnownFileType = text.plist.xml; path = Info.plist; sourceTree = "<group>"; };
		A0A6A3EC299B6FBB00E8D9DE /* WelcomeViewController.swift */ = {isa = PBXFileReference; lastKnownFileType = sourcecode.swift; path = WelcomeViewController.swift; sourceTree = "<group>"; };
		A0A6A416299F1C1500E8D9DE /* User.swift */ = {isa = PBXFileReference; lastKnownFileType = sourcecode.swift; path = User.swift; sourceTree = "<group>"; };
		A0A6A418299F300200E8D9DE /* UserViewController.swift */ = {isa = PBXFileReference; lastKnownFileType = sourcecode.swift; path = UserViewController.swift; sourceTree = "<group>"; };
		A0A6A41B299F476E00E8D9DE /* BioViewController.swift */ = {isa = PBXFileReference; lastKnownFileType = sourcecode.swift; path = BioViewController.swift; sourceTree = "<group>"; };
/* End PBXFileReference section */

/* Begin PBXFrameworksBuildPhase section */
		A0A6A3D2299B3AB900E8D9DE /* Frameworks */ = {
			isa = PBXFrameworksBuildPhase;
			buildActionMask = 2147483647;
			files = (
			);
			runOnlyForDeploymentPostprocessing = 0;
		};
/* End PBXFrameworksBuildPhase section */

/* Begin PBXGroup section */
		A0A6A3CC299B3AB900E8D9DE = {
			isa = PBXGroup;
			children = (
				A0A6A3D7299B3AB900E8D9DE /* LoginApp */,
				A0A6A3D6299B3AB900E8D9DE /* Products */,
			);
			sourceTree = "<group>";
		};
		A0A6A3D6299B3AB900E8D9DE /* Products */ = {
			isa = PBXGroup;
			children = (
				A0A6A3D5299B3AB900E8D9DE /* LoginApp.app */,
			);
			name = Products;
			sourceTree = "<group>";
		};
		A0A6A3D7299B3AB900E8D9DE /* LoginApp */ = {
			isa = PBXGroup;
			children = (
				A0A6A415299F1A7F00E8D9DE /* ViewControllers */,
				A0A6A414299F1A5B00E8D9DE /* Models */,
				A0A6A3D8299B3AB900E8D9DE /* AppDelegate.swift */,
				A0A6A3DA299B3AB900E8D9DE /* SceneDelegate.swift */,
				A0A6A3DE299B3AB900E8D9DE /* Main.storyboard */,
				A0A6A3E1299B3ABB00E8D9DE /* Assets.xcassets */,
				A0A6A3E3299B3ABB00E8D9DE /* LaunchScreen.storyboard */,
				A0A6A3E6299B3ABB00E8D9DE /* Info.plist */,
			);
			path = LoginApp;
			sourceTree = "<group>";
		};
		A0A6A414299F1A5B00E8D9DE /* Models */ = {
			isa = PBXGroup;
			children = (
				A0A6A416299F1C1500E8D9DE /* User.swift */,
			);
			path = Models;
			sourceTree = "<group>";
		};
		A0A6A415299F1A7F00E8D9DE /* ViewControllers */ = {
			isa = PBXGroup;
			children = (
				A0A6A3DC299B3AB900E8D9DE /* LoginViewController.swift */,
				A0A6A3EC299B6FBB00E8D9DE /* WelcomeViewController.swift */,
				A0A6A418299F300200E8D9DE /* UserViewController.swift */,
				A0A6A41B299F476E00E8D9DE /* BioViewController.swift */,
			);
			path = ViewControllers;
			sourceTree = "<group>";
		};
/* End PBXGroup section */

/* Begin PBXNativeTarget section */
		A0A6A3D4299B3AB900E8D9DE /* LoginApp */ = {
			isa = PBXNativeTarget;
			buildConfigurationList = A0A6A3E9299B3ABB00E8D9DE /* Build configuration list for PBXNativeTarget "LoginApp" */;
			buildPhases = (
				A0A6A3D1299B3AB900E8D9DE /* Sources */,
				A0A6A3D2299B3AB900E8D9DE /* Frameworks */,
				A0A6A3D3299B3AB900E8D9DE /* Resources */,
			);
			buildRules = (
			);
			dependencies = (
			);
			name = LoginApp;
			productName = LoginApp;
			productReference = A0A6A3D5299B3AB900E8D9DE /* LoginApp.app */;
			productType = "com.apple.product-type.application";
		};
/* End PBXNativeTarget section */

/* Begin PBXProject section */
		A0A6A3CD299B3AB900E8D9DE /* Project object */ = {
			isa = PBXProject;
			attributes = {
				BuildIndependentTargetsInParallel = 1;
				LastSwiftUpdateCheck = 1420;
				LastUpgradeCheck = 1420;
				TargetAttributes = {
					A0A6A3D4299B3AB900E8D9DE = {
						CreatedOnToolsVersion = 14.2;
					};
				};
			};
			buildConfigurationList = A0A6A3D0299B3AB900E8D9DE /* Build configuration list for PBXProject "LoginApp" */;
			compatibilityVersion = "Xcode 14.0";
			developmentRegion = en;
			hasScannedForEncodings = 0;
			knownRegions = (
				en,
				Base,
			);
			mainGroup = A0A6A3CC299B3AB900E8D9DE;
			productRefGroup = A0A6A3D6299B3AB900E8D9DE /* Products */;
			projectDirPath = "";
			projectRoot = "";
			targets = (
				A0A6A3D4299B3AB900E8D9DE /* LoginApp */,
			);
		};
/* End PBXProject section */

/* Begin PBXResourcesBuildPhase section */
		A0A6A3D3299B3AB900E8D9DE /* Resources */ = {
			isa = PBXResourcesBuildPhase;
			buildActionMask = 2147483647;
			files = (
				A0A6A3E5299B3ABB00E8D9DE /* LaunchScreen.storyboard in Resources */,
				A0A6A3E2299B3ABB00E8D9DE /* Assets.xcassets in Resources */,
				A0A6A3E0299B3AB900E8D9DE /* Main.storyboard in Resources */,
			);
			runOnlyForDeploymentPostprocessing = 0;
		};
/* End PBXResourcesBuildPhase section */

/* Begin PBXSourcesBuildPhase section */
		A0A6A3D1299B3AB900E8D9DE /* Sources */ = {
			isa = PBXSourcesBuildPhase;
			buildActionMask = 2147483647;
			files = (
				A0A6A41C299F476E00E8D9DE /* BioViewController.swift in Sources */,
				A0A6A3DD299B3AB900E8D9DE /* LoginViewController.swift in Sources */,
				A0A6A419299F300200E8D9DE /* UserViewController.swift in Sources */,
				A0A6A3ED299B6FBB00E8D9DE /* WelcomeViewController.swift in Sources */,
				A0A6A3D9299B3AB900E8D9DE /* AppDelegate.swift in Sources */,
				A0A6A417299F1C1500E8D9DE /* User.swift in Sources */,
				A0A6A3DB299B3AB900E8D9DE /* SceneDelegate.swift in Sources */,
			);
			runOnlyForDeploymentPostprocessing = 0;
		};
/* End PBXSourcesBuildPhase section */

/* Begin PBXVariantGroup section */
		A0A6A3DE299B3AB900E8D9DE /* Main.storyboard */ = {
			isa = PBXVariantGroup;
			children = (
				A0A6A3DF299B3AB900E8D9DE /* Base */,
			);
			name = Main.storyboard;
			sourceTree = "<group>";
		};
		A0A6A3E3299B3ABB00E8D9DE /* LaunchScreen.storyboard */ = {
			isa = PBXVariantGroup;
			children = (
				A0A6A3E4299B3ABB00E8D9DE /* Base */,
			);
			name = LaunchScreen.storyboard;
			sourceTree = "<group>";
		};
/* End PBXVariantGroup section */

/* Begin XCBuildConfiguration section */
		A0A6A3E7299B3ABB00E8D9DE /* Debug */ = {
			isa = XCBuildConfiguration;
			buildSettings = {
				ALWAYS_SEARCH_USER_PATHS = NO;
				CLANG_ANALYZER_NONNULL = YES;
				CLANG_ANALYZER_NUMBER_OBJECT_CONVERSION = YES_AGGRESSIVE;
				CLANG_CXX_LANGUAGE_STANDARD = "gnu++20";
				CLANG_ENABLE_MODULES = YES;
				CLANG_ENABLE_OBJC_ARC = YES;
				CLANG_ENABLE_OBJC_WEAK = YES;
				CLANG_WARN_BLOCK_CAPTURE_AUTORELEASING = YES;
				CLANG_WARN_BOOL_CONVERSION = YES;
				CLANG_WARN_COMMA = YES;
				CLANG_WARN_CONSTANT_CONVERSION = YES;
				CLANG_WARN_DEPRECATED_OBJC_IMPLEMENTATIONS = YES;
				CLANG_WARN_DIRECT_OBJC_ISA_USAGE = YES_ERROR;
				CLANG_WARN_DOCUMENTATION_COMMENTS = YES;
				CLANG_WARN_EMPTY_BODY = YES;
				CLANG_WARN_ENUM_CONVERSION = YES;
				CLANG_WARN_INFINITE_RECURSION = YES;
				CLANG_WARN_INT_CONVERSION = YES;
				CLANG_WARN_NON_LITERAL_NULL_CONVERSION = YES;
				CLANG_WARN_OBJC_IMPLICIT_RETAIN_SELF = YES;
				CLANG_WARN_OBJC_LITERAL_CONVERSION = YES;
				CLANG_WARN_OBJC_ROOT_CLASS = YES_ERROR;
				CLANG_WARN_QUOTED_INCLUDE_IN_FRAMEWORK_HEADER = YES;
				CLANG_WARN_RANGE_LOOP_ANALYSIS = YES;
				CLANG_WARN_STRICT_PROTOTYPES = YES;
				CLANG_WARN_SUSPICIOUS_MOVE = YES;
				CLANG_WARN_UNGUARDED_AVAILABILITY = YES_AGGRESSIVE;
				CLANG_WARN_UNREACHABLE_CODE = YES;
				CLANG_WARN__DUPLICATE_METHOD_MATCH = YES;
				COPY_PHASE_STRIP = NO;
				DEBUG_INFORMATION_FORMAT = dwarf;
				ENABLE_STRICT_OBJC_MSGSEND = YES;
				ENABLE_TESTABILITY = YES;
				GCC_C_LANGUAGE_STANDARD = gnu11;
				GCC_DYNAMIC_NO_PIC = NO;
				GCC_NO_COMMON_BLOCKS = YES;
				GCC_OPTIMIZATION_LEVEL = 0;
				GCC_PREPROCESSOR_DEFINITIONS = (
					"DEBUG=1",
					"$(inherited)",
				);
				GCC_WARN_64_TO_32_BIT_CONVERSION = YES;
				GCC_WARN_ABOUT_RETURN_TYPE = YES_ERROR;
				GCC_WARN_UNDECLARED_SELECTOR = YES;
				GCC_WARN_UNINITIALIZED_AUTOS = YES_AGGRESSIVE;
				GCC_WARN_UNUSED_FUNCTION = YES;
				GCC_WARN_UNUSED_VARIABLE = YES;
				IPHONEOS_DEPLOYMENT_TARGET = 16.2;
				MTL_ENABLE_DEBUG_INFO = INCLUDE_SOURCE;
				MTL_FAST_MATH = YES;
				ONLY_ACTIVE_ARCH = YES;
				SDKROOT = iphoneos;
				SWIFT_ACTIVE_COMPILATION_CONDITIONS = DEBUG;
				SWIFT_OPTIMIZATION_LEVEL = "-Onone";
			};
			name = Debug;
		};
		A0A6A3E8299B3ABB00E8D9DE /* Release */ = {
			isa = XCBuildConfiguration;
			buildSettings = {
				ALWAYS_SEARCH_USER_PATHS = NO;
				CLANG_ANALYZER_NONNULL = YES;
				CLANG_ANALYZER_NUMBER_OBJECT_CONVERSION = YES_AGGRESSIVE;
				CLANG_CXX_LANGUAGE_STANDARD = "gnu++20";
				CLANG_ENABLE_MODULES = YES;
				CLANG_ENABLE_OBJC_ARC = YES;
				CLANG_ENABLE_OBJC_WEAK = YES;
				CLANG_WARN_BLOCK_CAPTURE_AUTORELEASING = YES;
				CLANG_WARN_BOOL_CONVERSION = YES;
				CLANG_WARN_COMMA = YES;
				CLANG_WARN_CONSTANT_CONVERSION = YES;
				CLANG_WARN_DEPRECATED_OBJC_IMPLEMENTATIONS = YES;
				CLANG_WARN_DIRECT_OBJC_ISA_USAGE = YES_ERROR;
				CLANG_WARN_DOCUMENTATION_COMMENTS = YES;
				CLANG_WARN_EMPTY_BODY = YES;
				CLANG_WARN_ENUM_CONVERSION = YES;
				CLANG_WARN_INFINITE_RECURSION = YES;
				CLANG_WARN_INT_CONVERSION = YES;
				CLANG_WARN_NON_LITERAL_NULL_CONVERSION = YES;
				CLANG_WARN_OBJC_IMPLICIT_RETAIN_SELF = YES;
				CLANG_WARN_OBJC_LITERAL_CONVERSION = YES;
				CLANG_WARN_OBJC_ROOT_CLASS = YES_ERROR;
				CLANG_WARN_QUOTED_INCLUDE_IN_FRAMEWORK_HEADER = YES;
				CLANG_WARN_RANGE_LOOP_ANALYSIS = YES;
				CLANG_WARN_STRICT_PROTOTYPES = YES;
				CLANG_WARN_SUSPICIOUS_MOVE = YES;
				CLANG_WARN_UNGUARDED_AVAILABILITY = YES_AGGRESSIVE;
				CLANG_WARN_UNREACHABLE_CODE = YES;
				CLANG_WARN__DUPLICATE_METHOD_MATCH = YES;
				COPY_PHASE_STRIP = NO;
				DEBUG_INFORMATION_FORMAT = "dwarf-with-dsym";
				ENABLE_NS_ASSERTIONS = NO;
				ENABLE_STRICT_OBJC_MSGSEND = YES;
				GCC_C_LANGUAGE_STANDARD = gnu11;
				GCC_NO_COMMON_BLOCKS = YES;
				GCC_WARN_64_TO_32_BIT_CONVERSION = YES;
				GCC_WARN_ABOUT_RETURN_TYPE = YES_ERROR;
				GCC_WARN_UNDECLARED_SELECTOR = YES;
				GCC_WARN_UNINITIALIZED_AUTOS = YES_AGGRESSIVE;
				GCC_WARN_UNUSED_FUNCTION = YES;
				GCC_WARN_UNUSED_VARIABLE = YES;
				IPHONEOS_DEPLOYMENT_TARGET = 16.2;
				MTL_ENABLE_DEBUG_INFO = NO;
				MTL_FAST_MATH = YES;
				SDKROOT = iphoneos;
				SWIFT_COMPILATION_MODE = wholemodule;
				SWIFT_OPTIMIZATION_LEVEL = "-O";
				VALIDATE_PRODUCT = YES;
			};
			name = Release;
		};
		A0A6A3EA299B3ABB00E8D9DE /* Debug */ = {
			isa = XCBuildConfiguration;
			buildSettings = {
				ASSETCATALOG_COMPILER_APPICON_NAME = AppIcon;
				ASSETCATALOG_COMPILER_GLOBAL_ACCENT_COLOR_NAME = AccentColor;
				CODE_SIGN_STYLE = Automatic;
				CURRENT_PROJECT_VERSION = 1;
				DEVELOPMENT_TEAM = BLBS934S27;
				GENERATE_INFOPLIST_FILE = YES;
				INFOPLIST_FILE = LoginApp/Info.plist;
				INFOPLIST_KEY_UIApplicationSupportsIndirectInputEvents = YES;
				INFOPLIST_KEY_UILaunchStoryboardName = LaunchScreen;
				INFOPLIST_KEY_UIMainStoryboardFile = Main;
				INFOPLIST_KEY_UISupportedInterfaceOrientations = UIInterfaceOrientationPortrait;
				INFOPLIST_KEY_UISupportedInterfaceOrientations_iPad = "UIInterfaceOrientationLandscapeLeft UIInterfaceOrientationLandscapeRight UIInterfaceOrientationPortrait UIInterfaceOrientationPortraitUpsideDown";
				LD_RUNPATH_SEARCH_PATHS = (
					"$(inherited)",
					"@executable_path/Frameworks",
				);
				MARKETING_VERSION = 1.0;
				PRODUCT_BUNDLE_IDENTIFIER = howardM.LoginApp;
				PRODUCT_NAME = "$(TARGET_NAME)";
				SUPPORTED_PLATFORMS = "iphoneos iphonesimulator";
				SUPPORTS_MACCATALYST = NO;
				SUPPORTS_MAC_DESIGNED_FOR_IPHONE_IPAD = NO;
				SWIFT_EMIT_LOC_STRINGS = YES;
				SWIFT_VERSION = 5.0;
				TARGETED_DEVICE_FAMILY = 1;
			};
			name = Debug;
		};
		A0A6A3EB299B3ABB00E8D9DE /* Release */ = {
			isa = XCBuildConfiguration;
			buildSettings = {
				ASSETCATALOG_COMPILER_APPICON_NAME = AppIcon;
				ASSETCATALOG_COMPILER_GLOBAL_ACCENT_COLOR_NAME = AccentColor;
				CODE_SIGN_STYLE = Automatic;
				CURRENT_PROJECT_VERSION = 1;
				DEVELOPMENT_TEAM = BLBS934S27;
				GENERATE_INFOPLIST_FILE = YES;
				INFOPLIST_FILE = LoginApp/Info.plist;
				INFOPLIST_KEY_UIApplicationSupportsIndirectInputEvents = YES;
				INFOPLIST_KEY_UILaunchStoryboardName = LaunchScreen;
				INFOPLIST_KEY_UIMainStoryboardFile = Main;
				INFOPLIST_KEY_UISupportedInterfaceOrientations = UIInterfaceOrientationPortrait;
				INFOPLIST_KEY_UISupportedInterfaceOrientations_iPad = "UIInterfaceOrientationLandscapeLeft UIInterfaceOrientationLandscapeRight UIInterfaceOrientationPortrait UIInterfaceOrientationPortraitUpsideDown";
				LD_RUNPATH_SEARCH_PATHS = (
					"$(inherited)",
					"@executable_path/Frameworks",
				);
				MARKETING_VERSION = 1.0;
				PRODUCT_BUNDLE_IDENTIFIER = howardM.LoginApp;
				PRODUCT_NAME = "$(TARGET_NAME)";
				SUPPORTED_PLATFORMS = "iphoneos iphonesimulator";
				SUPPORTS_MACCATALYST = NO;
				SUPPORTS_MAC_DESIGNED_FOR_IPHONE_IPAD = NO;
				SWIFT_EMIT_LOC_STRINGS = YES;
				SWIFT_VERSION = 5.0;
				TARGETED_DEVICE_FAMILY = 1;
			};
			name = Release;
		};
/* End XCBuildConfiguration section */

/* Begin XCConfigurationList section */
		A0A6A3D0299B3AB900E8D9DE /* Build configuration list for PBXProject "LoginApp" */ = {
			isa = XCConfigurationList;
			buildConfigurations = (
				A0A6A3E7299B3ABB00E8D9DE /* Debug */,
				A0A6A3E8299B3ABB00E8D9DE /* Release */,
			);
			defaultConfigurationIsVisible = 0;
			defaultConfigurationName = Release;
		};
		A0A6A3E9299B3ABB00E8D9DE /* Build configuration list for PBXNativeTarget "LoginApp" */ = {
			isa = XCConfigurationList;
			buildConfigurations = (
				A0A6A3EA299B3ABB00E8D9DE /* Debug */,
				A0A6A3EB299B3ABB00E8D9DE /* Release */,
			);
			defaultConfigurationIsVisible = 0;
			defaultConfigurationName = Release;
		};
/* End XCConfigurationList section */
	};
	rootObject = A0A6A3CD299B3AB900E8D9DE /* Project object */;
}
